
Microsoft Visual Studio Solution File, Format Version 12.00
# Visual Studio 2012
Project("{FAE04EC0-301F-11D3-BF4B-00C04F79EFBC}") = "Saltarelle.PathJs", "Saltarelle.PathJs\Saltarelle.PathJs.csproj", "{567049F7-6E86-4C83-A678-A982C497894E}"
EndProject
Project("{2150E333-8FDC-42A3-9474-1A3956D46DE8}") = "Samples", "Samples", "{C8EC05F6-F0B2-4ABF-B9CB-AB8E55260724}"
EndProject
Project("{FAE04EC0-301F-11D3-BF4B-00C04F79EFBC}") = "Saltarelle.PathJs.Samples", "Samples\Saltarelle.PathJs.Samples\Saltarelle.PathJs.Samples.csproj", "{03E71395-06B5-4257-8441-3CB79924239A}"
EndProject
Global
	GlobalSection(SolutionConfigurationPlatforms) = preSolution
		Debug|Any CPU = Debug|Any CPU
		Release|Any CPU = Release|Any CPU
	EndGlobalSection
	GlobalSection(ProjectConfigurationPlatforms) = postSolution
		{567049F7-6E86-4C83-A678-A982C497894E}.Debug|Any CPU.ActiveCfg = Debug|Any CPU
		{567049F7-6E86-4C83-A678-A982C497894E}.Debug|Any CPU.Build.0 = Debug|Any CPU
		{567049F7-6E86-4C83-A678-A982C497894E}.Release|Any CPU.ActiveCfg = Release|Any CPU
		{567049F7-6E86-4C83-A678-A982C497894E}.Release|Any CPU.Build.0 = Release|Any CPU
		{03E71395-06B5-4257-8441-3CB79924239A}.Debug|Any CPU.ActiveCfg = Debug|Any CPU
		{03E71395-06B5-4257-8441-3CB79924239A}.Debug|Any CPU.Build.0 = Debug|Any CPU
		{03E71395-06B5-4257-8441-3CB79924239A}.Release|Any CPU.ActiveCfg = Release|Any CPU
		{03E71395-06B5-4257-8441-3CB79924239A}.Release|Any CPU.Build.0 = Release|Any CPU
	EndGlobalSection
	GlobalSection(SolutionProperties) = preSolution
		HideSolutionNode = FALSE
	EndGlobalSection
	GlobalSection(NestedProjects) = preSolution
		{03E71395-06B5-4257-8441-3CB79924239A} = {C8EC05F6-F0B2-4ABF-B9CB-AB8E55260724}
	EndGlobalSection
EndGlobal
